// !$*UTF8*$!
{
	archiveVersion = 1;
	classes = {
	};
	objectVersion = 46;
	objects = {

/* Begin PBXBuildFile section */
		F85321BD1B79D9A20081307E /* AppDelegate.swift in Sources */ = {isa = PBXBuildFile; fileRef = F85321BC1B79D9A20081307E /* AppDelegate.swift */; };
		F85321BF1B79D9A20081307E /* ViewController.swift in Sources */ = {isa = PBXBuildFile; fileRef = F85321BE1B79D9A20081307E /* ViewController.swift */; };
		F85321C21B79D9A20081307E /* Main.storyboard in Resources */ = {isa = PBXBuildFile; fileRef = F85321C01B79D9A20081307E /* Main.storyboard */; };
		F85321C41B79D9A20081307E /* Images.xcassets in Resources */ = {isa = PBXBuildFile; fileRef = F85321C31B79D9A20081307E /* Images.xcassets */; };
		F85321C71B79D9A20081307E /* LaunchScreen.xib in Resources */ = {isa = PBXBuildFile; fileRef = F85321C51B79D9A20081307E /* LaunchScreen.xib */; };
		F85321D31B79D9A20081307E /* MindcastTests.swift in Sources */ = {isa = PBXBuildFile; fileRef = F85321D21B79D9A20081307E /* MindcastTests.swift */; };
/* End PBXBuildFile section */

/* Begin PBXContainerItemProxy section */
		F85321CD1B79D9A20081307E /* PBXContainerItemProxy */ = {
			isa = PBXContainerItemProxy;
			containerPortal = F85321AF1B79D9A20081307E /* Project object */;
			proxyType = 1;
			remoteGlobalIDString = F85321B61B79D9A20081307E;
			remoteInfo = Mindcast;
		};
/* End PBXContainerItemProxy section */

/* Begin PBXFileReference section */
		F85321B71B79D9A20081307E /* Mindcast.app */ = {isa = PBXFileReference; explicitFileType = wrapper.application; includeInIndex = 0; path = Mindcast.app; sourceTree = BUILT_PRODUCTS_DIR; };
		F85321BB1B79D9A20081307E /* Info.plist */ = {isa = PBXFileReference; lastKnownFileType = text.plist.xml; path = Info.plist; sourceTree = "<group>"; };
		F85321BC1B79D9A20081307E /* AppDelegate.swift */ = {isa = PBXFileReference; lastKnownFileType = sourcecode.swift; path = AppDelegate.swift; sourceTree = "<group>"; };
		F85321BE1B79D9A20081307E /* ViewController.swift */ = {isa = PBXFileReference; lastKnownFileType = sourcecode.swift; path = ViewController.swift; sourceTree = "<group>"; };
		F85321C11B79D9A20081307E /* Base */ = {isa = PBXFileReference; lastKnownFileType = file.storyboard; name = Base; path = Base.lproj/Main.storyboard; sourceTree = "<group>"; };
		F85321C31B79D9A20081307E /* Images.xcassets */ = {isa = PBXFileReference; lastKnownFileType = folder.assetcatalog; path = Images.xcassets; sourceTree = "<group>"; };
		F85321C61B79D9A20081307E /* Base */ = {isa = PBXFileReference; lastKnownFileType = file.xib; name = Base; path = Base.lproj/LaunchScreen.xib; sourceTree = "<group>"; };
		F85321CC1B79D9A20081307E /* MindcastTests.xctest */ = {isa = PBXFileReference; explicitFileType = wrapper.cfbundle; includeInIndex = 0; path = MindcastTests.xctest; sourceTree = BUILT_PRODUCTS_DIR; };
		F85321D11B79D9A20081307E /* Info.plist */ = {isa = PBXFileReference; lastKnownFileType = text.plist.xml; path = Info.plist; sourceTree = "<group>"; };
		F85321D21B79D9A20081307E /* MindcastTests.swift */ = {isa = PBXFileReference; lastKnownFileType = sourcecode.swift; path = MindcastTests.swift; sourceTree = "<group>"; };
/* End PBXFileReference section */

/* Begin PBXFrameworksBuildPhase section */
		F85321B41B79D9A20081307E /* Frameworks */ = {
			isa = PBXFrameworksBuildPhase;
			buildActionMask = 2147483647;
			files = (
			);
			runOnlyForDeploymentPostprocessing = 0;
		};
		F85321C91B79D9A20081307E /* Frameworks */ = {
			isa = PBXFrameworksBuildPhase;
			buildActionMask = 2147483647;
			files = (
			);
			runOnlyForDeploymentPostprocessing = 0;
		};
/* End PBXFrameworksBuildPhase section */

/* Begin PBXGroup section */
		F85321AE1B79D9A20081307E = {
			isa = PBXGroup;
			children = (
				F85321B91B79D9A20081307E /* Mindcast */,
				F85321CF1B79D9A20081307E /* MindcastTests */,
				F85321B81B79D9A20081307E /* Products */,
			);
			sourceTree = "<group>";
		};
		F85321B81B79D9A20081307E /* Products */ = {
			isa = PBXGroup;
			children = (
				F85321B71B79D9A20081307E /* Mindcast.app */,
				F85321CC1B79D9A20081307E /* MindcastTests.xctest */,
			);
			name = Products;
			sourceTree = "<group>";
		};
		F85321B91B79D9A20081307E /* Mindcast */ = {
			isa = PBXGroup;
			children = (
				F85321BC1B79D9A20081307E /* AppDelegate.swift */,
				F85321BE1B79D9A20081307E /* ViewController.swift */,
				F85321C01B79D9A20081307E /* Main.storyboard */,
				F85321C31B79D9A20081307E /* Images.xcassets */,
				F85321C51B79D9A20081307E /* LaunchScreen.xib */,
				F85321BA1B79D9A20081307E /* Supporting Files */,
			);
			path = Mindcast;
			sourceTree = "<group>";
		};
		F85321BA1B79D9A20081307E /* Supporting Files */ = {
			isa = PBXGroup;
			children = (
				F85321BB1B79D9A20081307E /* Info.plist */,
			);
			name = "Supporting Files";
			sourceTree = "<group>";
		};
		F85321CF1B79D9A20081307E /* MindcastTests */ = {
			isa = PBXGroup;
			children = (
				F85321D21B79D9A20081307E /* MindcastTests.swift */,
				F85321D01B79D9A20081307E /* Supporting Files */,
			);
			path = MindcastTests;
			sourceTree = "<group>";
		};
		F85321D01B79D9A20081307E /* Supporting Files */ = {
			isa = PBXGroup;
			children = (
				F85321D11B79D9A20081307E /* Info.plist */,
			);
			name = "Supporting Files";
			sourceTree = "<group>";
		};
/* End PBXGroup section */

/* Begin PBXNativeTarget section */
		F85321B61B79D9A20081307E /* Mindcast */ = {
			isa = PBXNativeTarget;
			buildConfigurationList = F85321D61B79D9A20081307E /* Build configuration list for PBXNativeTarget "Mindcast" */;
			buildPhases = (
				F85321B31B79D9A20081307E /* Sources */,
				F85321B41B79D9A20081307E /* Frameworks */,
				F85321B51B79D9A20081307E /* Resources */,
			);
			buildRules = (
			);
			dependencies = (
			);
			name = Mindcast;
			productName = Mindcast;
			productReference = F85321B71B79D9A20081307E /* Mindcast.app */;
			productType = "com.apple.product-type.application";
		};
		F85321CB1B79D9A20081307E /* MindcastTests */ = {
			isa = PBXNativeTarget;
			buildConfigurationList = F85321D91B79D9A20081307E /* Build configuration list for PBXNativeTarget "MindcastTests" */;
			buildPhases = (
				F85321C81B79D9A20081307E /* Sources */,
				F85321C91B79D9A20081307E /* Frameworks */,
				F85321CA1B79D9A20081307E /* Resources */,
			);
			buildRules = (
			);
			dependencies = (
				F85321CE1B79D9A20081307E /* PBXTargetDependency */,
			);
			name = MindcastTests;
			productName = MindcastTests;
			productReference = F85321CC1B79D9A20081307E /* MindcastTests.xctest */;
			productType = "com.apple.product-type.bundle.unit-test";
		};
/* End PBXNativeTarget section */

/* Begin PBXProject section */
		F85321AF1B79D9A20081307E /* Project object */ = {
			isa = PBXProject;
			attributes = {
				LastUpgradeCheck = 0640;
				ORGANIZATIONNAME = "Michael Kuehl";
				TargetAttributes = {
					F85321B61B79D9A20081307E = {
						CreatedOnToolsVersion = 6.4;
					};
					F85321CB1B79D9A20081307E = {
						CreatedOnToolsVersion = 6.4;
						TestTargetID = F85321B61B79D9A20081307E;
					};
				};
			};
			buildConfigurationList = F85321B21B79D9A20081307E /* Build configuration list for PBXProject "Mindcast" */;
			compatibilityVersion = "Xcode 3.2";
			developmentRegion = English;
			hasScannedForEncodings = 0;
			knownRegions = (
				en,
				Base,
			);
			mainGroup = F85321AE1B79D9A20081307E;
			productRefGroup = F85321B81B79D9A20081307E /* Products */;
			projectDirPath = "";
			projectRoot = "";
			targets = (
				F85321B61B79D9A20081307E /* Mindcast */,
				F85321CB1B79D9A20081307E /* MindcastTests */,
			);
		};
/* End PBXProject section */

/* Begin PBXResourcesBuildPhase section */
		F85321B51B79D9A20081307E /* Resources */ = {
			isa = PBXResourcesBuildPhase;
			buildActionMask = 2147483647;
			files = (
				F85321C21B79D9A20081307E /* Main.storyboard in Resources */,
				F85321C71B79D9A20081307E /* LaunchScreen.xib in Resources */,
				F85321C41B79D9A20081307E /* Images.xcassets in Resources */,
			);
			runOnlyForDeploymentPostprocessing = 0;
		};
		F85321CA1B79D9A20081307E /* Resources */ = {
			isa = PBXResourcesBuildPhase;
			buildActionMask = 2147483647;
			files = (
			);
			runOnlyForDeploymentPostprocessing = 0;
		};
/* End PBXResourcesBuildPhase section */

/* Begin PBXSourcesBuildPhase section */
		F85321B31B79D9A20081307E /* Sources */ = {
			isa = PBXSourcesBuildPhase;
			buildActionMask = 2147483647;
			files = (
				F85321BF1B79D9A20081307E /* ViewController.swift in Sources */,
				F85321BD1B79D9A20081307E /* AppDelegate.swift in Sources */,
			);
			runOnlyForDeploymentPostprocessing = 0;
		};
		F85321C81B79D9A20081307E /* Sources */ = {
			isa = PBXSourcesBuildPhase;
			buildActionMask = 2147483647;
			files = (
				F85321D31B79D9A20081307E /* MindcastTests.swift in Sources */,
			);
			runOnlyForDeploymentPostprocessing = 0;
		};
/* End PBXSourcesBuildPhase section */

/* Begin PBXTargetDependency section */
		F85321CE1B79D9A20081307E /* PBXTargetDependency */ = {
			isa = PBXTargetDependency;
			target = F85321B61B79D9A20081307E /* Mindcast */;
			targetProxy = F85321CD1B79D9A20081307E /* PBXContainerItemProxy */;
		};
/* End PBXTargetDependency section */

/* Begin PBXVariantGroup section */
		F85321C01B79D9A20081307E /* Main.storyboard */ = {
			isa = PBXVariantGroup;
			children = (
				F85321C11B79D9A20081307E /* Base */,
			);
			name = Main.storyboard;
			sourceTree = "<group>";
		};
		F85321C51B79D9A20081307E /* LaunchScreen.xib */ = {
			isa = PBXVariantGroup;
			children = (
				F85321C61B79D9A20081307E /* Base */,
			);
			name = LaunchScreen.xib;
			sourceTree = "<group>";
		};
/* End PBXVariantGroup section */

/* Begin XCBuildConfiguration section */
		F85321D41B79D9A20081307E /* Debug */ = {
			isa = XCBuildConfiguration;
			buildSettings = {
				ALWAYS_SEARCH_USER_PATHS = NO;
				CLANG_CXX_LANGUAGE_STANDARD = "gnu++0x";
				CLANG_CXX_LIBRARY = "libc++";
				CLANG_ENABLE_MODULES = YES;
				CLANG_ENABLE_OBJC_ARC = YES;
				CLANG_WARN_BOOL_CONVERSION = YES;
				CLANG_WARN_CONSTANT_CONVERSION = YES;
				CLANG_WARN_DIRECT_OBJC_ISA_USAGE = YES_ERROR;
				CLANG_WARN_EMPTY_BODY = YES;
				CLANG_WARN_ENUM_CONVERSION = YES;
				CLANG_WARN_INT_CONVERSION = YES;
				CLANG_WARN_OBJC_ROOT_CLASS = YES_ERROR;
				CLANG_WARN_UNREACHABLE_CODE = YES;
				CLANG_WARN__DUPLICATE_METHOD_MATCH = YES;
				"CODE_SIGN_IDENTITY[sdk=iphoneos*]" = "iPhone Developer";
				COPY_PHASE_STRIP = NO;
				DEBUG_INFORMATION_FORMAT = "dwarf-with-dsym";
				ENABLE_STRICT_OBJC_MSGSEND = YES;
				GCC_C_LANGUAGE_STANDARD = gnu99;
				GCC_DYNAMIC_NO_PIC = NO;
				GCC_NO_COMMON_BLOCKS = YES;
				GCC_OPTIMIZATION_LEVEL = 0;
				GCC_PREPROCESSOR_DEFINITIONS = (
					"DEBUG=1",
					"$(inherited)",
				);
				GCC_SYMBOLS_PRIVATE_EXTERN = NO;
				GCC_WARN_64_TO_32_BIT_CONVERSION = YES;
				GCC_WARN_ABOUT_RETURN_TYPE = YES_ERROR;
				GCC_WARN_UNDECLARED_SELECTOR = YES;
				GCC_WARN_UNINITIALIZED_AUTOS = YES_AGGRESSIVE;
				GCC_WARN_UNUSED_FUNCTION = YES;
				GCC_WARN_UNUSED_VARIABLE = YES;
				IPHONEOS_DEPLOYMENT_TARGET = 8.4;
				MTL_ENABLE_DEBUG_INFO = YES;
				ONLY_ACTIVE_ARCH = YES;
				SDKROOT = iphoneos;
				SWIFT_OPTIMIZATION_LEVEL = "-Onone";
			};
			name = Debug;
		};
		F85321D51B79D9A20081307E /* Release */ = {
			isa = XCBuildConfiguration;
			buildSettings = {
				ALWAYS_SEARCH_USER_PATHS = NO;
				CLANG_CXX_LANGUAGE_STANDARD = "gnu++0x";
				CLANG_CXX_LIBRARY = "libc++";
				CLANG_ENABLE_MODULES = YES;
				CLANG_ENABLE_OBJC_ARC = YES;
				CLANG_WARN_BOOL_CONVERSION = YES;
				CLANG_WARN_CONSTANT_CONVERSION = YES;
				CLANG_WARN_DIRECT_OBJC_ISA_USAGE = YES_ERROR;
				CLANG_WARN_EMPTY_BODY = YES;
				CLANG_WARN_ENUM_CONVERSION = YES;
				CLANG_WARN_INT_CONVERSION = YES;
				CLANG_WARN_OBJC_ROOT_CLASS = YES_ERROR;
				CLANG_WARN_UNREACHABLE_CODE = YES;
				CLANG_WARN__DUPLICATE_METHOD_MATCH = YES;
				"CODE_SIGN_IDENTITY[sdk=iphoneos*]" = "iPhone Developer";
				COPY_PHASE_STRIP = NO;
				DEBUG_INFORMATION_FORMAT = "dwarf-with-dsym";
				ENABLE_NS_ASSERTIONS = NO;
				ENABLE_STRICT_OBJC_MSGSEND = YES;
				GCC_C_LANGUAGE_STANDARD = gnu99;
				GCC_NO_COMMON_BLOCKS = YES;
				GCC_WARN_64_TO_32_BIT_CONVERSION = YES;
				GCC_WARN_ABOUT_RETURN_TYPE = YES_ERROR;
				GCC_WARN_UNDECLARED_SELECTOR = YES;
				GCC_WARN_UNINITIALIZED_AUTOS = YES_AGGRESSIVE;
				GCC_WARN_UNUSED_FUNCTION = YES;
				GCC_WARN_UNUSED_VARIABLE = YES;
				IPHONEOS_DEPLOYMENT_TARGET = 8.4;
				MTL_ENABLE_DEBUG_INFO = NO;
				SDKROOT = iphoneos;
				VALIDATE_PRODUCT = YES;
			};
			name = Release;
		};
		F85321D71B79D9A20081307E /* Debug */ = {
			isa = XCBuildConfiguration;
			buildSettings = {
				ASSETCATALOG_COMPILER_APPICON_NAME = AppIcon;
				INFOPLIST_FILE = Mindcast/Info.plist;
				LD_RUNPATH_SEARCH_PATHS = "$(inherited) @executable_path/Frameworks";
				PRODUCT_NAME = "$(TARGET_NAME)";
			};
			name = Debug;
		};
		F85321D81B79D9A20081307E /* Release */ = {
			isa = XCBuildConfiguration;
			buildSettings = {
				ASSETCATALOG_COMPILER_APPICON_NAME = AppIcon;
				INFOPLIST_FILE = Mindcast/Info.plist;
				LD_RUNPATH_SEARCH_PATHS = "$(inherited) @executable_path/Frameworks";
				PRODUCT_NAME = "$(TARGET_NAME)";
			};
			name = Release;
		};
		F85321DA1B79D9A20081307E /* Debug */ = {
			isa = XCBuildConfiguration;
			buildSettings = {
				BUNDLE_LOADER = "$(TEST_HOST)";
				FRAMEWORK_SEARCH_PATHS = (
					"$(SDKROOT)/Developer/Library/Frameworks",
					"$(inherited)",
				);
				GCC_PREPROCESSOR_DEFINITIONS = (
					"DEBUG=1",
					"$(inherited)",
				);
				INFOPLIST_FILE = MindcastTests/Info.plist;
				LD_RUNPATH_SEARCH_PATHS = "$(inherited) @executable_path/Frameworks @loader_path/Frameworks";
				PRODUCT_NAME = "$(TARGET_NAME)";
				TEST_HOST = "$(BUILT_PRODUCTS_DIR)/Mindcast.app/Mindcast";
			};
			name = Debug;
		};
		F85321DB1B79D9A20081307E /* Release */ = {
			isa = XCBuildConfiguration;
			buildSettings = {
				BUNDLE_LOADER = "$(TEST_HOST)";
				FRAMEWORK_SEARCH_PATHS = (
					"$(SDKROOT)/Developer/Library/Frameworks",
					"$(inherited)",
				);
				INFOPLIST_FILE = MindcastTests/Info.plist;
				LD_RUNPATH_SEARCH_PATHS = "$(inherited) @executable_path/Frameworks @loader_path/Frameworks";
				PRODUCT_NAME = "$(TARGET_NAME)";
				TEST_HOST = "$(BUILT_PRODUCTS_DIR)/Mindcast.app/Mindcast";
			};
			name = Release;
		};
/* End XCBuildConfiguration section */

/* Begin XCConfigurationList section */
		F85321B21B79D9A20081307E /* Build configuration list for PBXProject "Mindcast" */ = {
			isa = XCConfigurationList;
			buildConfigurations = (
				F85321D41B79D9A20081307E /* Debug */,
				F85321D51B79D9A20081307E /* Release */,
			);
			defaultConfigurationIsVisible = 0;
			defaultConfigurationName = Release;
		};
		F85321D61B79D9A20081307E /* Build configuration list for PBXNativeTarget "Mindcast" */ = {
			isa = XCConfigurationList;
			buildConfigurations = (
				F85321D71B79D9A20081307E /* Debug */,
				F85321D81B79D9A20081307E /* Release */,
			);
			defaultConfigurationIsVisible = 0;
		};
		F85321D91B79D9A20081307E /* Build configuration list for PBXNativeTarget "MindcastTests" */ = {
			isa = XCConfigurationList;
			buildConfigurations = (
				F85321DA1B79D9A20081307E /* Debug */,
				F85321DB1B79D9A20081307E /* Release */,
			);
			defaultConfigurationIsVisible = 0;
		};
/* End XCConfigurationList section */
	};
	rootObject = F85321AF1B79D9A20081307E /* Project object */;
}
